{
  "name": "jabfox",
  "requires": true,
  "lockfileVersion": 1,
  "dependencies": {
    "webext-options-sync": {
      "version": "0.12.0",
      "resolved": "https://registry.npmjs.org/webext-options-sync/-/webext-options-sync-0.12.0.tgz",
      "integrity": "sha512-oIoXiiwzyZM5jLnvGWDQA7kcEFB7mnxAJKC8lD9Qoa3oacLDTXBO23bJeQ+6iraCblXr+Fhaa/R3JcAIgsKOBg=="
    }
  }
}
