// !$*UTF8*$!
{
	archiveVersion = 1;
	classes = {
	};
	objectVersion = 50;
	objects = {

/* Begin PBXBuildFile section */
		1BC93156252F56FF00D30409 /* AppDelegate.swift in Sources */ = {isa = PBXBuildFile; fileRef = 1BC93155252F56FF00D30409 /* AppDelegate.swift */; };
		1BC93159252F56FF00D30409 /* Main.storyboard in Resources */ = {isa = PBXBuildFile; fileRef = 1BC93157252F56FF00D30409 /* Main.storyboard */; };
		1BC9315B252F56FF00D30409 /* ViewController.swift in Sources */ = {isa = PBXBuildFile; fileRef = 1BC9315A252F56FF00D30409 /* ViewController.swift */; };
		1BC9315D252F570000D30409 /* Assets.xcassets in Resources */ = {isa = PBXBuildFile; fileRef = 1BC9315C252F570000D30409 /* Assets.xcassets */; };
		1BC93164252F570000D30409 /* JabRef Browser Extension Extension.appex in Embed App Extensions */ = {isa = PBXBuildFile; fileRef = 1BC93163252F570000D30409 /* JabRef Browser Extension Extension.appex */; settings = {ATTRIBUTES = (RemoveHeadersOnCopy, ); }; };
		1BC93169252F570000D30409 /* Cocoa.framework in Frameworks */ = {isa = PBXBuildFile; fileRef = 1BC93168252F570000D30409 /* Cocoa.framework */; };
		1BC9316C252F570000D30409 /* SafariWebExtensionHandler.swift in Sources */ = {isa = PBXBuildFile; fileRef = 1BC9316B252F570000D30409 /* SafariWebExtensionHandler.swift */; };
		1BC9318E252F570000D30409 /* JabFox.sublime-project in Resources */ = {isa = PBXBuildFile; fileRef = 1BC93179252F570000D30409 /* JabFox.sublime-project */; };
		1BC9318F252F570000D30409 /* bibtexConverter.js in Resources */ = {isa = PBXBuildFile; fileRef = 1BC9317A252F570000D30409 /* bibtexConverter.js */; };
		1BC93190252F570000D30409 /* web-ext-config.js in Resources */ = {isa = PBXBuildFile; fileRef = 1BC9317B252F570000D30409 /* web-ext-config.js */; };
		1BC93191252F570000D30409 /* screenshots in Resources */ = {isa = PBXBuildFile; fileRef = 1BC9317C252F570000D30409 /* screenshots */; };
		1BC93192252F570000D30409 /* LICENSE in Resources */ = {isa = PBXBuildFile; fileRef = 1BC9317D252F570000D30409 /* LICENSE */; };
		1BC93193252F570000D30409 /* background.js in Resources */ = {isa = PBXBuildFile; fileRef = 1BC9317E252F570000D30409 /* background.js */; };
		1BC93194252F570000D30409 /* browser-polyfill.min.js in Resources */ = {isa = PBXBuildFile; fileRef = 1BC9317F252F570000D30409 /* browser-polyfill.min.js */; };
		1BC93195252F570000D30409 /* node_modules in Resources */ = {isa = PBXBuildFile; fileRef = 1BC93180252F570000D30409 /* node_modules */; };
		1BC93196252F570000D30409 /* JabRef Browser Extension in Resources */ = {isa = PBXBuildFile; fileRef = 1BC93181252F570000D30409 /* JabRef Browser Extension */; };
		1BC93197252F570000D30409 /* install_linux.sh in Resources */ = {isa = PBXBuildFile; fileRef = 1BC93182252F570000D30409 /* install_linux.sh */; };
		1BC93198252F570000D30409 /* Zotero in Resources */ = {isa = PBXBuildFile; fileRef = 1BC93183252F570000D30409 /* Zotero */; };
		1BC93199252F570000D30409 /* README.md in Resources */ = {isa = PBXBuildFile; fileRef = 1BC93184252F570000D30409 /* README.md */; };
		1BC9319A252F570000D30409 /* zotero-connectors in Resources */ = {isa = PBXBuildFile; fileRef = 1BC93185252F570000D30409 /* zotero-connectors */; };
		1BC9319B252F570000D30409 /* package-lock.json in Resources */ = {isa = PBXBuildFile; fileRef = 1BC93186252F570000D30409 /* package-lock.json */; };
		1BC9319C252F570000D30409 /* package.json in Resources */ = {isa = PBXBuildFile; fileRef = 1BC93187252F570000D30409 /* package.json */; };
		1BC9319D252F570000D30409 /* safari in Resources */ = {isa = PBXBuildFile; fileRef = 1BC93188252F570000D30409 /* safari */; };
		1BC9319E252F570000D30409 /* manifest.json in Resources */ = {isa = PBXBuildFile; fileRef = 1BC93189252F570000D30409 /* manifest.json */; };
		1BC9319F252F570000D30409 /* gulpfile.js in Resources */ = {isa = PBXBuildFile; fileRef = 1BC9318A252F570000D30409 /* gulpfile.js */; };
		1BC931A0252F570000D30409 /* PrivacyPolicy.md in Resources */ = {isa = PBXBuildFile; fileRef = 1BC9318B252F570000D30409 /* PrivacyPolicy.md */; };
		1BC931A1252F570000D30409 /* data in Resources */ = {isa = PBXBuildFile; fileRef = 1BC9318C252F570000D30409 /* data */; };
		1BC931A2252F570000D30409 /* connector.js in Resources */ = {isa = PBXBuildFile; fileRef = 1BC9318D252F570000D30409 /* connector.js */; };
/* End PBXBuildFile section */

/* Begin PBXContainerItemProxy section */
		1BC93165252F570000D30409 /* PBXContainerItemProxy */ = {
			isa = PBXContainerItemProxy;
			containerPortal = 1BC93149252F56FF00D30409 /* Project object */;
			proxyType = 1;
			remoteGlobalIDString = 1BC93162252F570000D30409;
			remoteInfo = "JabRef Browser Extension Extension";
		};
/* End PBXContainerItemProxy section */

/* Begin PBXCopyFilesBuildPhase section */
		1BC93174252F570000D30409 /* Embed App Extensions */ = {
			isa = PBXCopyFilesBuildPhase;
			buildActionMask = 2147483647;
			dstPath = "";
			dstSubfolderSpec = 13;
			files = (
				1BC93164252F570000D30409 /* JabRef Browser Extension Extension.appex in Embed App Extensions */,
			);
			name = "Embed App Extensions";
			runOnlyForDeploymentPostprocessing = 0;
		};
/* End PBXCopyFilesBuildPhase section */

/* Begin PBXFileReference section */
		1BC93151252F56FF00D30409 /* JabRef Browser Extension.app */ = {isa = PBXFileReference; explicitFileType = wrapper.application; includeInIndex = 0; path = "JabRef Browser Extension.app"; sourceTree = BUILT_PRODUCTS_DIR; };
		1BC93154252F56FF00D30409 /* JabRef_Browser_Extension.entitlements */ = {isa = PBXFileReference; lastKnownFileType = text.plist.entitlements; path = JabRef_Browser_Extension.entitlements; sourceTree = "<group>"; };
		1BC93155252F56FF00D30409 /* AppDelegate.swift */ = {isa = PBXFileReference; lastKnownFileType = sourcecode.swift; path = AppDelegate.swift; sourceTree = "<group>"; };
		1BC93158252F56FF00D30409 /* Base */ = {isa = PBXFileReference; lastKnownFileType = file.storyboard; name = Base; path = Base.lproj/Main.storyboard; sourceTree = "<group>"; };
		1BC9315A252F56FF00D30409 /* ViewController.swift */ = {isa = PBXFileReference; lastKnownFileType = sourcecode.swift; path = ViewController.swift; sourceTree = "<group>"; };
		1BC9315C252F570000D30409 /* Assets.xcassets */ = {isa = PBXFileReference; lastKnownFileType = folder.assetcatalog; path = Assets.xcassets; sourceTree = "<group>"; };
		1BC9315E252F570000D30409 /* Info.plist */ = {isa = PBXFileReference; lastKnownFileType = text.plist.xml; path = Info.plist; sourceTree = "<group>"; };
		1BC93163252F570000D30409 /* JabRef Browser Extension Extension.appex */ = {isa = PBXFileReference; explicitFileType = "wrapper.app-extension"; includeInIndex = 0; path = "JabRef Browser Extension Extension.appex"; sourceTree = BUILT_PRODUCTS_DIR; };
		1BC93168252F570000D30409 /* Cocoa.framework */ = {isa = PBXFileReference; lastKnownFileType = wrapper.framework; name = Cocoa.framework; path = System/Library/Frameworks/Cocoa.framework; sourceTree = SDKROOT; };
		1BC9316B252F570000D30409 /* SafariWebExtensionHandler.swift */ = {isa = PBXFileReference; lastKnownFileType = sourcecode.swift; path = SafariWebExtensionHandler.swift; sourceTree = "<group>"; };
		1BC9316D252F570000D30409 /* Info.plist */ = {isa = PBXFileReference; lastKnownFileType = text.plist.xml; path = Info.plist; sourceTree = "<group>"; };
		1BC9316E252F570000D30409 /* JabRef_Browser_Extension_Extension.entitlements */ = {isa = PBXFileReference; lastKnownFileType = text.plist.entitlements; path = JabRef_Browser_Extension_Extension.entitlements; sourceTree = "<group>"; };
		1BC93179252F570000D30409 /* JabFox.sublime-project */ = {isa = PBXFileReference; lastKnownFileType = text; name = "JabFox.sublime-project"; path = "../../JabFox.sublime-project"; sourceTree = "<group>"; };
		1BC9317A252F570000D30409 /* bibtexConverter.js */ = {isa = PBXFileReference; lastKnownFileType = sourcecode.javascript; name = bibtexConverter.js; path = ../../bibtexConverter.js; sourceTree = "<group>"; };
		1BC9317B252F570000D30409 /* web-ext-config.js */ = {isa = PBXFileReference; lastKnownFileType = sourcecode.javascript; name = "web-ext-config.js"; path = "../../web-ext-config.js"; sourceTree = "<group>"; };
		1BC9317C252F570000D30409 /* screenshots */ = {isa = PBXFileReference; lastKnownFileType = folder; name = screenshots; path = ../../screenshots; sourceTree = "<group>"; };
		1BC9317D252F570000D30409 /* LICENSE */ = {isa = PBXFileReference; lastKnownFileType = text; name = LICENSE; path = ../../LICENSE; sourceTree = "<group>"; };
		1BC9317E252F570000D30409 /* background.js */ = {isa = PBXFileReference; lastKnownFileType = sourcecode.javascript; name = background.js; path = ../../background.js; sourceTree = "<group>"; };
		1BC9317F252F570000D30409 /* browser-polyfill.min.js */ = {isa = PBXFileReference; lastKnownFileType = sourcecode.javascript; name = "browser-polyfill.min.js"; path = "../../browser-polyfill.min.js"; sourceTree = "<group>"; };
		1BC93180252F570000D30409 /* node_modules */ = {isa = PBXFileReference; lastKnownFileType = folder; name = node_modules; path = ../../node_modules; sourceTree = "<group>"; };
		1BC93181252F570000D30409 /* JabRef Browser Extension */ = {isa = PBXFileReference; lastKnownFileType = text; path = "JabRef Browser Extension"; sourceTree = SOURCE_ROOT; };
		1BC93182252F570000D30409 /* install_linux.sh */ = {isa = PBXFileReference; lastKnownFileType = text.script.sh; name = install_linux.sh; path = ../../install_linux.sh; sourceTree = "<group>"; };
		1BC93183252F570000D30409 /* Zotero */ = {isa = PBXFileReference; lastKnownFileType = folder; name = Zotero; path = ../../Zotero; sourceTree = "<group>"; };
		1BC93184252F570000D30409 /* README.md */ = {isa = PBXFileReference; lastKnownFileType = net.daringfireball.markdown; name = README.md; path = ../../README.md; sourceTree = "<group>"; };
		1BC93185252F570000D30409 /* zotero-connectors */ = {isa = PBXFileReference; lastKnownFileType = folder; name = "zotero-connectors"; path = "../../zotero-connectors"; sourceTree = "<group>"; };
		1BC93186252F570000D30409 /* package-lock.json */ = {isa = PBXFileReference; lastKnownFileType = text.json; name = "package-lock.json"; path = "../../package-lock.json"; sourceTree = "<group>"; };
		1BC93187252F570000D30409 /* package.json */ = {isa = PBXFileReference; lastKnownFileType = text.json; name = package.json; path = ../../package.json; sourceTree = "<group>"; };
		1BC93188252F570000D30409 /* safari */ = {isa = PBXFileReference; lastKnownFileType = folder; name = safari; path = ../../safari; sourceTree = "<group>"; };
		1BC93189252F570000D30409 /* manifest.json */ = {isa = PBXFileReference; lastKnownFileType = text.json; name = manifest.json; path = ../../manifest.json; sourceTree = "<group>"; };
		1BC9318A252F570000D30409 /* gulpfile.js */ = {isa = PBXFileReference; lastKnownFileType = sourcecode.javascript; name = gulpfile.js; path = ../../gulpfile.js; sourceTree = "<group>"; };
		1BC9318B252F570000D30409 /* PrivacyPolicy.md */ = {isa = PBXFileReference; lastKnownFileType = net.daringfireball.markdown; name = PrivacyPolicy.md; path = ../../PrivacyPolicy.md; sourceTree = "<group>"; };
		1BC9318C252F570000D30409 /* data */ = {isa = PBXFileReference; lastKnownFileType = folder; name = data; path = ../../data; sourceTree = "<group>"; };
		1BC9318D252F570000D30409 /* connector.js */ = {isa = PBXFileReference; lastKnownFileType = sourcecode.javascript; name = connector.js; path = ../../connector.js; sourceTree = "<group>"; };
		1BD13E53252F573200A3AFE3 /* JabRef Browser ExtensionDebug.entitlements */ = {isa = PBXFileReference; lastKnownFileType = text.plist.entitlements; path = "JabRef Browser ExtensionDebug.entitlements"; sourceTree = "<group>"; };
/* End PBXFileReference section */

/* Begin PBXFrameworksBuildPhase section */
		1BC9314E252F56FF00D30409 /* Frameworks */ = {
			isa = PBXFrameworksBuildPhase;
			buildActionMask = 2147483647;
			files = (
			);
			runOnlyForDeploymentPostprocessing = 0;
		};
		1BC93160252F570000D30409 /* Frameworks */ = {
			isa = PBXFrameworksBuildPhase;
			buildActionMask = 2147483647;
			files = (
				1BC93169252F570000D30409 /* Cocoa.framework in Frameworks */,
			);
			runOnlyForDeploymentPostprocessing = 0;
		};
/* End PBXFrameworksBuildPhase section */

/* Begin PBXGroup section */
		1BC93148252F56FF00D30409 = {
			isa = PBXGroup;
			children = (
				1BC93153252F56FF00D30409 /* JabRef Browser Extension */,
				1BC9316A252F570000D30409 /* JabRef Browser Extension Extension */,
				1BC93167252F570000D30409 /* Frameworks */,
				1BC93152252F56FF00D30409 /* Products */,
			);
			sourceTree = "<group>";
		};
		1BC93152252F56FF00D30409 /* Products */ = {
			isa = PBXGroup;
			children = (
				1BC93151252F56FF00D30409 /* JabRef Browser Extension.app */,
				1BC93163252F570000D30409 /* JabRef Browser Extension Extension.appex */,
			);
			name = Products;
			sourceTree = "<group>";
		};
		1BC93153252F56FF00D30409 /* JabRef Browser Extension */ = {
			isa = PBXGroup;
			children = (
				1BD13E53252F573200A3AFE3 /* JabRef Browser ExtensionDebug.entitlements */,
				1BC93154252F56FF00D30409 /* JabRef_Browser_Extension.entitlements */,
				1BC93155252F56FF00D30409 /* AppDelegate.swift */,
				1BC93157252F56FF00D30409 /* Main.storyboard */,
				1BC9315A252F56FF00D30409 /* ViewController.swift */,
				1BC9315C252F570000D30409 /* Assets.xcassets */,
				1BC9315E252F570000D30409 /* Info.plist */,
			);
			path = "JabRef Browser Extension";
			sourceTree = "<group>";
		};
		1BC93167252F570000D30409 /* Frameworks */ = {
			isa = PBXGroup;
			children = (
				1BC93168252F570000D30409 /* Cocoa.framework */,
			);
			name = Frameworks;
			sourceTree = "<group>";
		};
		1BC9316A252F570000D30409 /* JabRef Browser Extension Extension */ = {
			isa = PBXGroup;
			children = (
				1BC93178252F570000D30409 /* Resources */,
				1BC9316B252F570000D30409 /* SafariWebExtensionHandler.swift */,
				1BC9316D252F570000D30409 /* Info.plist */,
				1BC9316E252F570000D30409 /* JabRef_Browser_Extension_Extension.entitlements */,
			);
			path = "JabRef Browser Extension Extension";
			sourceTree = "<group>";
		};
		1BC93178252F570000D30409 /* Resources */ = {
			isa = PBXGroup;
			children = (
				1BC93179252F570000D30409 /* JabFox.sublime-project */,
				1BC9317A252F570000D30409 /* bibtexConverter.js */,
				1BC9317B252F570000D30409 /* web-ext-config.js */,
				1BC9317C252F570000D30409 /* screenshots */,
				1BC9317D252F570000D30409 /* LICENSE */,
				1BC9317E252F570000D30409 /* background.js */,
				1BC9317F252F570000D30409 /* browser-polyfill.min.js */,
				1BC93180252F570000D30409 /* node_modules */,
				1BC93181252F570000D30409 /* JabRef Browser Extension */,
				1BC93182252F570000D30409 /* install_linux.sh */,
				1BC93183252F570000D30409 /* Zotero */,
				1BC93184252F570000D30409 /* README.md */,
				1BC93185252F570000D30409 /* zotero-connectors */,
				1BC93186252F570000D30409 /* package-lock.json */,
				1BC93187252F570000D30409 /* package.json */,
				1BC93188252F570000D30409 /* safari */,
				1BC93189252F570000D30409 /* manifest.json */,
				1BC9318A252F570000D30409 /* gulpfile.js */,
				1BC9318B252F570000D30409 /* PrivacyPolicy.md */,
				1BC9318C252F570000D30409 /* data */,
				1BC9318D252F570000D30409 /* connector.js */,
			);
			name = Resources;
			path = "JabRef Browser Extension Extension";
			sourceTree = SOURCE_ROOT;
		};
/* End PBXGroup section */

/* Begin PBXNativeTarget section */
		1BC93150252F56FF00D30409 /* JabRef Browser Extension */ = {
			isa = PBXNativeTarget;
			buildConfigurationList = 1BC93175252F570000D30409 /* Build configuration list for PBXNativeTarget "JabRef Browser Extension" */;
			buildPhases = (
				1BC9314D252F56FF00D30409 /* Sources */,
				1BC9314E252F56FF00D30409 /* Frameworks */,
				1BC9314F252F56FF00D30409 /* Resources */,
				1BC93174252F570000D30409 /* Embed App Extensions */,
			);
			buildRules = (
			);
			dependencies = (
				1BC93166252F570000D30409 /* PBXTargetDependency */,
			);
			name = "JabRef Browser Extension";
			productName = "JabRef Browser Extension";
			productReference = 1BC93151252F56FF00D30409 /* JabRef Browser Extension.app */;
			productType = "com.apple.product-type.application";
		};
		1BC93162252F570000D30409 /* JabRef Browser Extension Extension */ = {
			isa = PBXNativeTarget;
			buildConfigurationList = 1BC93171252F570000D30409 /* Build configuration list for PBXNativeTarget "JabRef Browser Extension Extension" */;
			buildPhases = (
				1BC9315F252F570000D30409 /* Sources */,
				1BC93160252F570000D30409 /* Frameworks */,
				1BC93161252F570000D30409 /* Resources */,
			);
			buildRules = (
			);
			dependencies = (
			);
			name = "JabRef Browser Extension Extension";
			productName = "JabRef Browser Extension Extension";
			productReference = 1BC93163252F570000D30409 /* JabRef Browser Extension Extension.appex */;
			productType = "com.apple.product-type.app-extension";
		};
/* End PBXNativeTarget section */

/* Begin PBXProject section */
		1BC93149252F56FF00D30409 /* Project object */ = {
			isa = PBXProject;
			attributes = {
				LastSwiftUpdateCheck = 1200;
				LastUpgradeCheck = 1200;
				TargetAttributes = {
					1BC93150252F56FF00D30409 = {
						CreatedOnToolsVersion = 12.0.1;
					};
					1BC93162252F570000D30409 = {
						CreatedOnToolsVersion = 12.0.1;
					};
				};
			};
			buildConfigurationList = 1BC9314C252F56FF00D30409 /* Build configuration list for PBXProject "JabRef Browser Extension" */;
			compatibilityVersion = "Xcode 9.3";
			developmentRegion = en;
			hasScannedForEncodings = 0;
			knownRegions = (
				en,
				Base,
			);
			mainGroup = 1BC93148252F56FF00D30409;
			productRefGroup = 1BC93152252F56FF00D30409 /* Products */;
			projectDirPath = "";
			projectRoot = "";
			targets = (
				1BC93150252F56FF00D30409 /* JabRef Browser Extension */,
				1BC93162252F570000D30409 /* JabRef Browser Extension Extension */,
			);
		};
/* End PBXProject section */

/* Begin PBXResourcesBuildPhase section */
		1BC9314F252F56FF00D30409 /* Resources */ = {
			isa = PBXResourcesBuildPhase;
			buildActionMask = 2147483647;
			files = (
				1BC9315D252F570000D30409 /* Assets.xcassets in Resources */,
				1BC93159252F56FF00D30409 /* Main.storyboard in Resources */,
			);
			runOnlyForDeploymentPostprocessing = 0;
		};
		1BC93161252F570000D30409 /* Resources */ = {
			isa = PBXResourcesBuildPhase;
			buildActionMask = 2147483647;
			files = (
				1BC93194252F570000D30409 /* browser-polyfill.min.js in Resources */,
				1BC93191252F570000D30409 /* screenshots in Resources */,
				1BC93195252F570000D30409 /* node_modules in Resources */,
				1BC93197252F570000D30409 /* install_linux.sh in Resources */,
				1BC931A0252F570000D30409 /* PrivacyPolicy.md in Resources */,
				1BC93196252F570000D30409 /* JabRef Browser Extension in Resources */,
				1BC93190252F570000D30409 /* web-ext-config.js in Resources */,
				1BC93199252F570000D30409 /* README.md in Resources */,
				1BC9319B252F570000D30409 /* package-lock.json in Resources */,
				1BC9319F252F570000D30409 /* gulpfile.js in Resources */,
				1BC9318E252F570000D30409 /* JabFox.sublime-project in Resources */,
				1BC9319A252F570000D30409 /* zotero-connectors in Resources */,
				1BC9318F252F570000D30409 /* bibtexConverter.js in Resources */,
				1BC93193252F570000D30409 /* background.js in Resources */,
				1BC931A1252F570000D30409 /* data in Resources */,
				1BC9319D252F570000D30409 /* safari in Resources */,
				1BC931A2252F570000D30409 /* connector.js in Resources */,
				1BC9319E252F570000D30409 /* manifest.json in Resources */,
				1BC93192252F570000D30409 /* LICENSE in Resources */,
				1BC93198252F570000D30409 /* Zotero in Resources */,
				1BC9319C252F570000D30409 /* package.json in Resources */,
			);
			runOnlyForDeploymentPostprocessing = 0;
		};
/* End PBXResourcesBuildPhase section */

/* Begin PBXSourcesBuildPhase section */
		1BC9314D252F56FF00D30409 /* Sources */ = {
			isa = PBXSourcesBuildPhase;
			buildActionMask = 2147483647;
			files = (
				1BC9315B252F56FF00D30409 /* ViewController.swift in Sources */,
				1BC93156252F56FF00D30409 /* AppDelegate.swift in Sources */,
			);
			runOnlyForDeploymentPostprocessing = 0;
		};
		1BC9315F252F570000D30409 /* Sources */ = {
			isa = PBXSourcesBuildPhase;
			buildActionMask = 2147483647;
			files = (
				1BC9316C252F570000D30409 /* SafariWebExtensionHandler.swift in Sources */,
			);
			runOnlyForDeploymentPostprocessing = 0;
		};
/* End PBXSourcesBuildPhase section */

/* Begin PBXTargetDependency section */
		1BC93166252F570000D30409 /* PBXTargetDependency */ = {
			isa = PBXTargetDependency;
			target = 1BC93162252F570000D30409 /* JabRef Browser Extension Extension */;
			targetProxy = 1BC93165252F570000D30409 /* PBXContainerItemProxy */;
		};
/* End PBXTargetDependency section */

/* Begin PBXVariantGroup section */
		1BC93157252F56FF00D30409 /* Main.storyboard */ = {
			isa = PBXVariantGroup;
			children = (
				1BC93158252F56FF00D30409 /* Base */,
			);
			name = Main.storyboard;
			sourceTree = "<group>";
		};
/* End PBXVariantGroup section */

/* Begin XCBuildConfiguration section */
		1BC9316F252F570000D30409 /* Debug */ = {
			isa = XCBuildConfiguration;
			buildSettings = {
				ALWAYS_SEARCH_USER_PATHS = NO;
				CLANG_ANALYZER_NONNULL = YES;
				CLANG_ANALYZER_NUMBER_OBJECT_CONVERSION = YES_AGGRESSIVE;
				CLANG_CXX_LANGUAGE_STANDARD = "gnu++14";
				CLANG_CXX_LIBRARY = "libc++";
				CLANG_ENABLE_MODULES = YES;
				CLANG_ENABLE_OBJC_ARC = YES;
				CLANG_ENABLE_OBJC_WEAK = YES;
				CLANG_WARN_BLOCK_CAPTURE_AUTORELEASING = YES;
				CLANG_WARN_BOOL_CONVERSION = YES;
				CLANG_WARN_COMMA = YES;
				CLANG_WARN_CONSTANT_CONVERSION = YES;
				CLANG_WARN_DEPRECATED_OBJC_IMPLEMENTATIONS = YES;
				CLANG_WARN_DIRECT_OBJC_ISA_USAGE = YES_ERROR;
				CLANG_WARN_DOCUMENTATION_COMMENTS = YES;
				CLANG_WARN_EMPTY_BODY = YES;
				CLANG_WARN_ENUM_CONVERSION = YES;
				CLANG_WARN_INFINITE_RECURSION = YES;
				CLANG_WARN_INT_CONVERSION = YES;
				CLANG_WARN_NON_LITERAL_NULL_CONVERSION = YES;
				CLANG_WARN_OBJC_IMPLICIT_RETAIN_SELF = YES;
				CLANG_WARN_OBJC_LITERAL_CONVERSION = YES;
				CLANG_WARN_OBJC_ROOT_CLASS = YES_ERROR;
				CLANG_WARN_QUOTED_INCLUDE_IN_FRAMEWORK_HEADER = YES;
				CLANG_WARN_RANGE_LOOP_ANALYSIS = YES;
				CLANG_WARN_STRICT_PROTOTYPES = YES;
				CLANG_WARN_SUSPICIOUS_MOVE = YES;
				CLANG_WARN_UNGUARDED_AVAILABILITY = YES_AGGRESSIVE;
				CLANG_WARN_UNREACHABLE_CODE = YES;
				CLANG_WARN__DUPLICATE_METHOD_MATCH = YES;
				COPY_PHASE_STRIP = NO;
				DEBUG_INFORMATION_FORMAT = dwarf;
				ENABLE_STRICT_OBJC_MSGSEND = YES;
				ENABLE_TESTABILITY = YES;
				GCC_C_LANGUAGE_STANDARD = gnu11;
				GCC_DYNAMIC_NO_PIC = NO;
				GCC_NO_COMMON_BLOCKS = YES;
				GCC_OPTIMIZATION_LEVEL = 0;
				GCC_PREPROCESSOR_DEFINITIONS = (
					"DEBUG=1",
					"$(inherited)",
				);
				GCC_WARN_64_TO_32_BIT_CONVERSION = YES;
				GCC_WARN_ABOUT_RETURN_TYPE = YES_ERROR;
				GCC_WARN_UNDECLARED_SELECTOR = YES;
				GCC_WARN_UNINITIALIZED_AUTOS = YES_AGGRESSIVE;
				GCC_WARN_UNUSED_FUNCTION = YES;
				GCC_WARN_UNUSED_VARIABLE = YES;
				MACOSX_DEPLOYMENT_TARGET = 10.15;
				MTL_ENABLE_DEBUG_INFO = INCLUDE_SOURCE;
				MTL_FAST_MATH = YES;
				ONLY_ACTIVE_ARCH = YES;
				SDKROOT = macosx;
				SWIFT_ACTIVE_COMPILATION_CONDITIONS = DEBUG;
				SWIFT_OPTIMIZATION_LEVEL = "-Onone";
			};
			name = Debug;
		};
		1BC93170252F570000D30409 /* Release */ = {
			isa = XCBuildConfiguration;
			buildSettings = {
				ALWAYS_SEARCH_USER_PATHS = NO;
				CLANG_ANALYZER_NONNULL = YES;
				CLANG_ANALYZER_NUMBER_OBJECT_CONVERSION = YES_AGGRESSIVE;
				CLANG_CXX_LANGUAGE_STANDARD = "gnu++14";
				CLANG_CXX_LIBRARY = "libc++";
				CLANG_ENABLE_MODULES = YES;
				CLANG_ENABLE_OBJC_ARC = YES;
				CLANG_ENABLE_OBJC_WEAK = YES;
				CLANG_WARN_BLOCK_CAPTURE_AUTORELEASING = YES;
				CLANG_WARN_BOOL_CONVERSION = YES;
				CLANG_WARN_COMMA = YES;
				CLANG_WARN_CONSTANT_CONVERSION = YES;
				CLANG_WARN_DEPRECATED_OBJC_IMPLEMENTATIONS = YES;
				CLANG_WARN_DIRECT_OBJC_ISA_USAGE = YES_ERROR;
				CLANG_WARN_DOCUMENTATION_COMMENTS = YES;
				CLANG_WARN_EMPTY_BODY = YES;
				CLANG_WARN_ENUM_CONVERSION = YES;
				CLANG_WARN_INFINITE_RECURSION = YES;
				CLANG_WARN_INT_CONVERSION = YES;
				CLANG_WARN_NON_LITERAL_NULL_CONVERSION = YES;
				CLANG_WARN_OBJC_IMPLICIT_RETAIN_SELF = YES;
				CLANG_WARN_OBJC_LITERAL_CONVERSION = YES;
				CLANG_WARN_OBJC_ROOT_CLASS = YES_ERROR;
				CLANG_WARN_QUOTED_INCLUDE_IN_FRAMEWORK_HEADER = YES;
				CLANG_WARN_RANGE_LOOP_ANALYSIS = YES;
				CLANG_WARN_STRICT_PROTOTYPES = YES;
				CLANG_WARN_SUSPICIOUS_MOVE = YES;
				CLANG_WARN_UNGUARDED_AVAILABILITY = YES_AGGRESSIVE;
				CLANG_WARN_UNREACHABLE_CODE = YES;
				CLANG_WARN__DUPLICATE_METHOD_MATCH = YES;
				COPY_PHASE_STRIP = NO;
				DEBUG_INFORMATION_FORMAT = "dwarf-with-dsym";
				ENABLE_NS_ASSERTIONS = NO;
				ENABLE_STRICT_OBJC_MSGSEND = YES;
				GCC_C_LANGUAGE_STANDARD = gnu11;
				GCC_NO_COMMON_BLOCKS = YES;
				GCC_WARN_64_TO_32_BIT_CONVERSION = YES;
				GCC_WARN_ABOUT_RETURN_TYPE = YES_ERROR;
				GCC_WARN_UNDECLARED_SELECTOR = YES;
				GCC_WARN_UNINITIALIZED_AUTOS = YES_AGGRESSIVE;
				GCC_WARN_UNUSED_FUNCTION = YES;
				GCC_WARN_UNUSED_VARIABLE = YES;
				MACOSX_DEPLOYMENT_TARGET = 10.15;
				MTL_ENABLE_DEBUG_INFO = NO;
				MTL_FAST_MATH = YES;
				SDKROOT = macosx;
				SWIFT_COMPILATION_MODE = wholemodule;
				SWIFT_OPTIMIZATION_LEVEL = "-O";
			};
			name = Release;
		};
		1BC93172252F570000D30409 /* Debug */ = {
			isa = XCBuildConfiguration;
			buildSettings = {
				CODE_SIGN_ENTITLEMENTS = "JabRef Browser Extension Extension/JabRef_Browser_Extension_Extension.entitlements";
				CODE_SIGN_STYLE = Automatic;
				INFOPLIST_FILE = "JabRef Browser Extension Extension/Info.plist";
				LD_RUNPATH_SEARCH_PATHS = (
					"$(inherited)",
					"@executable_path/../Frameworks",
					"@executable_path/../../../../Frameworks",
				);
				MACOSX_DEPLOYMENT_TARGET = 10.14;
				PRODUCT_BUNDLE_IDENTIFIER = "org.jabref.JabRef-Browser-Extension-Extension";
				PRODUCT_NAME = "$(TARGET_NAME)";
				SKIP_INSTALL = YES;
				SWIFT_VERSION = 5.0;
			};
			name = Debug;
		};
		1BC93173252F570000D30409 /* Release */ = {
			isa = XCBuildConfiguration;
			buildSettings = {
				CODE_SIGN_ENTITLEMENTS = "JabRef Browser Extension Extension/JabRef_Browser_Extension_Extension.entitlements";
				CODE_SIGN_STYLE = Automatic;
				INFOPLIST_FILE = "JabRef Browser Extension Extension/Info.plist";
				LD_RUNPATH_SEARCH_PATHS = (
					"$(inherited)",
					"@executable_path/../Frameworks",
					"@executable_path/../../../../Frameworks",
				);
				MACOSX_DEPLOYMENT_TARGET = 10.14;
				PRODUCT_BUNDLE_IDENTIFIER = "org.jabref.JabRef-Browser-Extension-Extension";
				PRODUCT_NAME = "$(TARGET_NAME)";
				SKIP_INSTALL = YES;
				SWIFT_VERSION = 5.0;
			};
			name = Release;
		};
		1BC93176252F570000D30409 /* Debug */ = {
			isa = XCBuildConfiguration;
			buildSettings = {
				ALWAYS_EMBED_SWIFT_STANDARD_LIBRARIES = YES;
				ASSETCATALOG_COMPILER_APPICON_NAME = AppIcon;
				ASSETCATALOG_COMPILER_GLOBAL_ACCENT_COLOR_NAME = AccentColor;
				CODE_SIGN_ENTITLEMENTS = "JabRef Browser Extension/JabRef Browser ExtensionDebug.entitlements";
				CODE_SIGN_STYLE = Automatic;
				COMBINE_HIDPI_IMAGES = YES;
				INFOPLIST_FILE = "JabRef Browser Extension/Info.plist";
				LD_RUNPATH_SEARCH_PATHS = (
					"$(inherited)",
					"@executable_path/../Frameworks",
				);
				MACOSX_DEPLOYMENT_TARGET = 10.14;
				PRODUCT_BUNDLE_IDENTIFIER = "org.jabref.JabRef-Browser-Extension";
				PRODUCT_NAME = "$(TARGET_NAME)";
				SWIFT_VERSION = 5.0;
			};
			name = Debug;
		};
		1BC93177252F570000D30409 /* Release */ = {
			isa = XCBuildConfiguration;
			buildSettings = {
				ALWAYS_EMBED_SWIFT_STANDARD_LIBRARIES = YES;
				ASSETCATALOG_COMPILER_APPICON_NAME = AppIcon;
				ASSETCATALOG_COMPILER_GLOBAL_ACCENT_COLOR_NAME = AccentColor;
				CODE_SIGN_ENTITLEMENTS = "JabRef Browser Extension/JabRef_Browser_Extension.entitlements";
				CODE_SIGN_STYLE = Automatic;
				COMBINE_HIDPI_IMAGES = YES;
				INFOPLIST_FILE = "JabRef Browser Extension/Info.plist";
				LD_RUNPATH_SEARCH_PATHS = (
					"$(inherited)",
					"@executable_path/../Frameworks",
				);
				MACOSX_DEPLOYMENT_TARGET = 10.14;
				PRODUCT_BUNDLE_IDENTIFIER = "org.jabref.JabRef-Browser-Extension";
				PRODUCT_NAME = "$(TARGET_NAME)";
				SWIFT_VERSION = 5.0;
			};
			name = Release;
		};
/* End XCBuildConfiguration section */

/* Begin XCConfigurationList section */
		1BC9314C252F56FF00D30409 /* Build configuration list for PBXProject "JabRef Browser Extension" */ = {
			isa = XCConfigurationList;
			buildConfigurations = (
				1BC9316F252F570000D30409 /* Debug */,
				1BC93170252F570000D30409 /* Release */,
			);
			defaultConfigurationIsVisible = 0;
			defaultConfigurationName = Release;
		};
		1BC93171252F570000D30409 /* Build configuration list for PBXNativeTarget "JabRef Browser Extension Extension" */ = {
			isa = XCConfigurationList;
			buildConfigurations = (
				1BC93172252F570000D30409 /* Debug */,
				1BC93173252F570000D30409 /* Release */,
			);
			defaultConfigurationIsVisible = 0;
			defaultConfigurationName = Release;
		};
		1BC93175252F570000D30409 /* Build configuration list for PBXNativeTarget "JabRef Browser Extension" */ = {
			isa = XCConfigurationList;
			buildConfigurations = (
				1BC93176252F570000D30409 /* Debug */,
				1BC93177252F570000D30409 /* Release */,
			);
			defaultConfigurationIsVisible = 0;
			defaultConfigurationName = Release;
		};
/* End XCConfigurationList section */
	};
	rootObject = 1BC93149252F56FF00D30409 /* Project object */;
}
